// !$*UTF8*$!
{
	archiveVersion = 1;
	classes = {
	};
	objectVersion = 56;
	objects = {

/* Begin PBXBuildFile section */
		D720DFE429587705005C6087 /* Structs.swift in Sources */ = {isa = PBXBuildFile; fileRef = D720DFE329587705005C6087 /* Structs.swift */; };
		D7392D65295B53B4002D7FAA /* Extensions.swift in Sources */ = {isa = PBXBuildFile; fileRef = D7392D64295B53B4002D7FAA /* Extensions.swift */; };
		D739E99C295A08C50066920F /* LocalNotifications.swift in Sources */ = {isa = PBXBuildFile; fileRef = D739E99B295A08C50066920F /* LocalNotifications.swift */; };
		D757DBD5295898EC005F7F1E /* MainView.swift in Sources */ = {isa = PBXBuildFile; fileRef = D757DBD4295898EC005F7F1E /* MainView.swift */; };
		D757DBD729589E11005F7F1E /* Functions.swift in Sources */ = {isa = PBXBuildFile; fileRef = D757DBD629589E11005F7F1E /* Functions.swift */; };
		D77142542958E5D700CD3964 /* BottomBarView.swift in Sources */ = {isa = PBXBuildFile; fileRef = D77142532958E5D700CD3964 /* BottomBarView.swift */; };
		D7B55B742958753B00952BF0 /* NeatweekiOSApp.swift in Sources */ = {isa = PBXBuildFile; fileRef = D7B55B732958753B00952BF0 /* NeatweekiOSApp.swift */; };
		D7B55B762958753B00952BF0 /* ListView.swift in Sources */ = {isa = PBXBuildFile; fileRef = D7B55B752958753B00952BF0 /* ListView.swift */; };
		D7B55B782958753C00952BF0 /* Assets.xcassets in Resources */ = {isa = PBXBuildFile; fileRef = D7B55B772958753C00952BF0 /* Assets.xcassets */; };
		D7B55B7B2958753C00952BF0 /* Preview Assets.xcassets in Resources */ = {isa = PBXBuildFile; fileRef = D7B55B7A2958753C00952BF0 /* Preview Assets.xcassets */; };
/* End PBXBuildFile section */

/* Begin PBXFileReference section */
		D720DFE329587705005C6087 /* Structs.swift */ = {isa = PBXFileReference; lastKnownFileType = sourcecode.swift; path = Structs.swift; sourceTree = "<group>"; };
		D7392D64295B53B4002D7FAA /* Extensions.swift */ = {isa = PBXFileReference; lastKnownFileType = sourcecode.swift; path = Extensions.swift; sourceTree = "<group>"; };
		D739E99B295A08C50066920F /* LocalNotifications.swift */ = {isa = PBXFileReference; lastKnownFileType = sourcecode.swift; path = LocalNotifications.swift; sourceTree = "<group>"; };
		D757DBD4295898EC005F7F1E /* MainView.swift */ = {isa = PBXFileReference; lastKnownFileType = sourcecode.swift; path = MainView.swift; sourceTree = "<group>"; };
		D757DBD629589E11005F7F1E /* Functions.swift */ = {isa = PBXFileReference; lastKnownFileType = sourcecode.swift; path = Functions.swift; sourceTree = "<group>"; };
		D77142532958E5D700CD3964 /* BottomBarView.swift */ = {isa = PBXFileReference; lastKnownFileType = sourcecode.swift; path = BottomBarView.swift; sourceTree = "<group>"; };
		D7B55B702958753B00952BF0 /* NeatweekiOS.app */ = {isa = PBXFileReference; explicitFileType = wrapper.application; includeInIndex = 0; path = NeatweekiOS.app; sourceTree = BUILT_PRODUCTS_DIR; };
		D7B55B732958753B00952BF0 /* NeatweekiOSApp.swift */ = {isa = PBXFileReference; lastKnownFileType = sourcecode.swift; path = NeatweekiOSApp.swift; sourceTree = "<group>"; };
		D7B55B752958753B00952BF0 /* ListView.swift */ = {isa = PBXFileReference; lastKnownFileType = sourcecode.swift; path = ListView.swift; sourceTree = "<group>"; };
		D7B55B772958753C00952BF0 /* Assets.xcassets */ = {isa = PBXFileReference; lastKnownFileType = folder.assetcatalog; path = Assets.xcassets; sourceTree = "<group>"; };
		D7B55B7A2958753C00952BF0 /* Preview Assets.xcassets */ = {isa = PBXFileReference; lastKnownFileType = folder.assetcatalog; path = "Preview Assets.xcassets"; sourceTree = "<group>"; };
		D7E2DB83295B5C3F001D7241 /* Info.plist */ = {isa = PBXFileReference; lastKnownFileType = text.plist; path = Info.plist; sourceTree = "<group>"; };
/* End PBXFileReference section */

/* Begin PBXFrameworksBuildPhase section */
		D7B55B6D2958753B00952BF0 /* Frameworks */ = {
			isa = PBXFrameworksBuildPhase;
			buildActionMask = 2147483647;
			files = (
			);
			runOnlyForDeploymentPostprocessing = 0;
		};
/* End PBXFrameworksBuildPhase section */

/* Begin PBXGroup section */
		D7B55B672958753B00952BF0 = {
			isa = PBXGroup;
			children = (
				D7B55B722958753B00952BF0 /* NeatweekiOS */,
				D7B55B712958753B00952BF0 /* Products */,
			);
			sourceTree = "<group>";
		};
		D7B55B712958753B00952BF0 /* Products */ = {
			isa = PBXGroup;
			children = (
				D7B55B702958753B00952BF0 /* NeatweekiOS.app */,
			);
			name = Products;
			sourceTree = "<group>";
		};
		D7B55B722958753B00952BF0 /* NeatweekiOS */ = {
			isa = PBXGroup;
			children = (
				D7E2DB83295B5C3F001D7241 /* Info.plist */,
				D757DBD629589E11005F7F1E /* Functions.swift */,
				D7B55B732958753B00952BF0 /* NeatweekiOSApp.swift */,
				D757DBD4295898EC005F7F1E /* MainView.swift */,
				D7B55B752958753B00952BF0 /* ListView.swift */,
				D7392D64295B53B4002D7FAA /* Extensions.swift */,
				D739E99B295A08C50066920F /* LocalNotifications.swift */,
				D77142532958E5D700CD3964 /* BottomBarView.swift */,
				D7B55B772958753C00952BF0 /* Assets.xcassets */,
				D7B55B792958753C00952BF0 /* Preview Content */,
				D720DFE329587705005C6087 /* Structs.swift */,
			);
			path = NeatweekiOS;
			sourceTree = "<group>";
		};
		D7B55B792958753C00952BF0 /* Preview Content */ = {
			isa = PBXGroup;
			children = (
				D7B55B7A2958753C00952BF0 /* Preview Assets.xcassets */,
			);
			path = "Preview Content";
			sourceTree = "<group>";
		};
/* End PBXGroup section */

/* Begin PBXNativeTarget section */
		D7B55B6F2958753B00952BF0 /* NeatweekiOS */ = {
			isa = PBXNativeTarget;
			buildConfigurationList = D7B55B7E2958753C00952BF0 /* Build configuration list for PBXNativeTarget "NeatweekiOS" */;
			buildPhases = (
				D7B55B6C2958753B00952BF0 /* Sources */,
				D7B55B6D2958753B00952BF0 /* Frameworks */,
				D7B55B6E2958753B00952BF0 /* Resources */,
			);
			buildRules = (
			);
			dependencies = (
			);
			name = NeatweekiOS;
			productName = NeatweekiOS;
			productReference = D7B55B702958753B00952BF0 /* NeatweekiOS.app */;
			productType = "com.apple.product-type.application";
		};
/* End PBXNativeTarget section */

/* Begin PBXProject section */
		D7B55B682958753B00952BF0 /* Project object */ = {
			isa = PBXProject;
			attributes = {
				BuildIndependentTargetsInParallel = 1;
				LastSwiftUpdateCheck = 1410;
				LastUpgradeCheck = 1410;
				TargetAttributes = {
					D7B55B6F2958753B00952BF0 = {
						CreatedOnToolsVersion = 14.1;
					};
				};
			};
			buildConfigurationList = D7B55B6B2958753B00952BF0 /* Build configuration list for PBXProject "NeatweekiOS" */;
			compatibilityVersion = "Xcode 14.0";
			developmentRegion = en;
			hasScannedForEncodings = 0;
			knownRegions = (
				en,
				Base,
			);
			mainGroup = D7B55B672958753B00952BF0;
			productRefGroup = D7B55B712958753B00952BF0 /* Products */;
			projectDirPath = "";
			projectRoot = "";
			targets = (
				D7B55B6F2958753B00952BF0 /* NeatweekiOS */,
			);
		};
/* End PBXProject section */

/* Begin PBXResourcesBuildPhase section */
		D7B55B6E2958753B00952BF0 /* Resources */ = {
			isa = PBXResourcesBuildPhase;
			buildActionMask = 2147483647;
			files = (
				D7B55B7B2958753C00952BF0 /* Preview Assets.xcassets in Resources */,
				D7B55B782958753C00952BF0 /* Assets.xcassets in Resources */,
			);
			runOnlyForDeploymentPostprocessing = 0;
		};
/* End PBXResourcesBuildPhase section */

/* Begin PBXSourcesBuildPhase section */
		D7B55B6C2958753B00952BF0 /* Sources */ = {
			isa = PBXSourcesBuildPhase;
			buildActionMask = 2147483647;
			files = (
				D720DFE429587705005C6087 /* Structs.swift in Sources */,
				D739E99C295A08C50066920F /* LocalNotifications.swift in Sources */,
				D757DBD5295898EC005F7F1E /* MainView.swift in Sources */,
				D7392D65295B53B4002D7FAA /* Extensions.swift in Sources */,
				D7B55B762958753B00952BF0 /* ListView.swift in Sources */,
				D77142542958E5D700CD3964 /* BottomBarView.swift in Sources */,
				D757DBD729589E11005F7F1E /* Functions.swift in Sources */,
				D7B55B742958753B00952BF0 /* NeatweekiOSApp.swift in Sources */,
			);
			runOnlyForDeploymentPostprocessing = 0;
		};
/* End PBXSourcesBuildPhase section */

/* Begin XCBuildConfiguration section */
		D7B55B7C2958753C00952BF0 /* Debug */ = {
			isa = XCBuildConfiguration;
			buildSettings = {
				ALWAYS_SEARCH_USER_PATHS = NO;
				CLANG_ANALYZER_NONNULL = YES;
				CLANG_ANALYZER_NUMBER_OBJECT_CONVERSION = YES_AGGRESSIVE;
				CLANG_CXX_LANGUAGE_STANDARD = "gnu++20";
				CLANG_ENABLE_MODULES = YES;
				CLANG_ENABLE_OBJC_ARC = YES;
				CLANG_ENABLE_OBJC_WEAK = YES;
				CLANG_WARN_BLOCK_CAPTURE_AUTORELEASING = YES;
				CLANG_WARN_BOOL_CONVERSION = YES;
				CLANG_WARN_COMMA = YES;
				CLANG_WARN_CONSTANT_CONVERSION = YES;
				CLANG_WARN_DEPRECATED_OBJC_IMPLEMENTATIONS = YES;
				CLANG_WARN_DIRECT_OBJC_ISA_USAGE = YES_ERROR;
				CLANG_WARN_DOCUMENTATION_COMMENTS = YES;
				CLANG_WARN_EMPTY_BODY = YES;
				CLANG_WARN_ENUM_CONVERSION = YES;
				CLANG_WARN_INFINITE_RECURSION = YES;
				CLANG_WARN_INT_CONVERSION = YES;
				CLANG_WARN_NON_LITERAL_NULL_CONVERSION = YES;
				CLANG_WARN_OBJC_IMPLICIT_RETAIN_SELF = YES;
				CLANG_WARN_OBJC_LITERAL_CONVERSION = YES;
				CLANG_WARN_OBJC_ROOT_CLASS = YES_ERROR;
				CLANG_WARN_QUOTED_INCLUDE_IN_FRAMEWORK_HEADER = YES;
				CLANG_WARN_RANGE_LOOP_ANALYSIS = YES;
				CLANG_WARN_STRICT_PROTOTYPES = YES;
				CLANG_WARN_SUSPICIOUS_MOVE = YES;
				CLANG_WARN_UNGUARDED_AVAILABILITY = YES_AGGRESSIVE;
				CLANG_WARN_UNREACHABLE_CODE = YES;
				CLANG_WARN__DUPLICATE_METHOD_MATCH = YES;
				COPY_PHASE_STRIP = NO;
				DEBUG_INFORMATION_FORMAT = dwarf;
				ENABLE_STRICT_OBJC_MSGSEND = YES;
				ENABLE_TESTABILITY = YES;
				GCC_C_LANGUAGE_STANDARD = gnu11;
				GCC_DYNAMIC_NO_PIC = NO;
				GCC_NO_COMMON_BLOCKS = YES;
				GCC_OPTIMIZATION_LEVEL = 0;
				GCC_PREPROCESSOR_DEFINITIONS = (
					"DEBUG=1",
					"$(inherited)",
				);
				GCC_WARN_64_TO_32_BIT_CONVERSION = YES;
				GCC_WARN_ABOUT_RETURN_TYPE = YES_ERROR;
				GCC_WARN_UNDECLARED_SELECTOR = YES;
				GCC_WARN_UNINITIALIZED_AUTOS = YES_AGGRESSIVE;
				GCC_WARN_UNUSED_FUNCTION = YES;
				GCC_WARN_UNUSED_VARIABLE = YES;
				IPHONEOS_DEPLOYMENT_TARGET = 16.1;
				MTL_ENABLE_DEBUG_INFO = INCLUDE_SOURCE;
				MTL_FAST_MATH = YES;
				ONLY_ACTIVE_ARCH = YES;
				SDKROOT = iphoneos;
				SWIFT_ACTIVE_COMPILATION_CONDITIONS = DEBUG;
				SWIFT_OPTIMIZATION_LEVEL = "-Onone";
			};
			name = Debug;
		};
		D7B55B7D2958753C00952BF0 /* Release */ = {
			isa = XCBuildConfiguration;
			buildSettings = {
				ALWAYS_SEARCH_USER_PATHS = NO;
				CLANG_ANALYZER_NONNULL = YES;
				CLANG_ANALYZER_NUMBER_OBJECT_CONVERSION = YES_AGGRESSIVE;
				CLANG_CXX_LANGUAGE_STANDARD = "gnu++20";
				CLANG_ENABLE_MODULES = YES;
				CLANG_ENABLE_OBJC_ARC = YES;
				CLANG_ENABLE_OBJC_WEAK = YES;
				CLANG_WARN_BLOCK_CAPTURE_AUTORELEASING = YES;
				CLANG_WARN_BOOL_CONVERSION = YES;
				CLANG_WARN_COMMA = YES;
				CLANG_WARN_CONSTANT_CONVERSION = YES;
				CLANG_WARN_DEPRECATED_OBJC_IMPLEMENTATIONS = YES;
				CLANG_WARN_DIRECT_OBJC_ISA_USAGE = YES_ERROR;
				CLANG_WARN_DOCUMENTATION_COMMENTS = YES;
				CLANG_WARN_EMPTY_BODY = YES;
				CLANG_WARN_ENUM_CONVERSION = YES;
				CLANG_WARN_INFINITE_RECURSION = YES;
				CLANG_WARN_INT_CONVERSION = YES;
				CLANG_WARN_NON_LITERAL_NULL_CONVERSION = YES;
				CLANG_WARN_OBJC_IMPLICIT_RETAIN_SELF = YES;
				CLANG_WARN_OBJC_LITERAL_CONVERSION = YES;
				CLANG_WARN_OBJC_ROOT_CLASS = YES_ERROR;
				CLANG_WARN_QUOTED_INCLUDE_IN_FRAMEWORK_HEADER = YES;
				CLANG_WARN_RANGE_LOOP_ANALYSIS = YES;
				CLANG_WARN_STRICT_PROTOTYPES = YES;
				CLANG_WARN_SUSPICIOUS_MOVE = YES;
				CLANG_WARN_UNGUARDED_AVAILABILITY = YES_AGGRESSIVE;
				CLANG_WARN_UNREACHABLE_CODE = YES;
				CLANG_WARN__DUPLICATE_METHOD_MATCH = YES;
				COPY_PHASE_STRIP = NO;
				DEBUG_INFORMATION_FORMAT = "dwarf-with-dsym";
				ENABLE_NS_ASSERTIONS = NO;
				ENABLE_STRICT_OBJC_MSGSEND = YES;
				GCC_C_LANGUAGE_STANDARD = gnu11;
				GCC_NO_COMMON_BLOCKS = YES;
				GCC_WARN_64_TO_32_BIT_CONVERSION = YES;
				GCC_WARN_ABOUT_RETURN_TYPE = YES_ERROR;
				GCC_WARN_UNDECLARED_SELECTOR = YES;
				GCC_WARN_UNINITIALIZED_AUTOS = YES_AGGRESSIVE;
				GCC_WARN_UNUSED_FUNCTION = YES;
				GCC_WARN_UNUSED_VARIABLE = YES;
				IPHONEOS_DEPLOYMENT_TARGET = 16.1;
				MTL_ENABLE_DEBUG_INFO = NO;
				MTL_FAST_MATH = YES;
				SDKROOT = iphoneos;
				SWIFT_COMPILATION_MODE = wholemodule;
				SWIFT_OPTIMIZATION_LEVEL = "-O";
				VALIDATE_PRODUCT = YES;
			};
			name = Release;
		};
		D7B55B7F2958753C00952BF0 /* Debug */ = {
			isa = XCBuildConfiguration;
			buildSettings = {
				ASSETCATALOG_COMPILER_APPICON_NAME = AppIcon;
				ASSETCATALOG_COMPILER_GLOBAL_ACCENT_COLOR_NAME = AccentColor;
				CODE_SIGN_STYLE = Automatic;
				CURRENT_PROJECT_VERSION = 18;
				DEVELOPMENT_ASSET_PATHS = "\"NeatweekiOS/Preview Content\"";
				DEVELOPMENT_TEAM = YEMNXYPUT3;
				ENABLE_PREVIEWS = YES;
				GENERATE_INFOPLIST_FILE = YES;
				INFOPLIST_FILE = NeatweekiOS/Info.plist;
				INFOPLIST_KEY_CFBundleDisplayName = Neatweek;
				INFOPLIST_KEY_UIApplicationSceneManifest_Generation = YES;
				INFOPLIST_KEY_UIApplicationSupportsIndirectInputEvents = YES;
				INFOPLIST_KEY_UILaunchScreen_Generation = YES;
				INFOPLIST_KEY_UISupportedInterfaceOrientations = UIInterfaceOrientationPortrait;
				INFOPLIST_KEY_UISupportedInterfaceOrientations_iPad = "UIInterfaceOrientationLandscapeLeft UIInterfaceOrientationLandscapeRight UIInterfaceOrientationPortrait UIInterfaceOrientationPortraitUpsideDown";
				LD_RUNPATH_SEARCH_PATHS = (
					"$(inherited)",
					"@executable_path/Frameworks",
				);
				MARKETING_VERSION = 1.0;
				PRODUCT_BUNDLE_IDENTIFIER = com.aoklabs.NeatweekiOS;
				PRODUCT_NAME = "$(TARGET_NAME)";
				SUPPORTED_PLATFORMS = "iphoneos iphonesimulator";
				SUPPORTS_MACCATALYST = NO;
				SUPPORTS_MAC_DESIGNED_FOR_IPHONE_IPAD = NO;
				SWIFT_EMIT_LOC_STRINGS = YES;
				SWIFT_VERSION = 5.0;
				TARGETED_DEVICE_FAMILY = 1;
			};
			name = Debug;
		};
		D7B55B802958753C00952BF0 /* Release */ = {
			isa = XCBuildConfiguration;
			buildSettings = {
				ASSETCATALOG_COMPILER_APPICON_NAME = AppIcon;
				ASSETCATALOG_COMPILER_GLOBAL_ACCENT_COLOR_NAME = AccentColor;
				CODE_SIGN_STYLE = Automatic;
				CURRENT_PROJECT_VERSION = 18;
				DEVELOPMENT_ASSET_PATHS = "\"NeatweekiOS/Preview Content\"";
				DEVELOPMENT_TEAM = YEMNXYPUT3;
				ENABLE_PREVIEWS = YES;
				GENERATE_INFOPLIST_FILE = YES;
				INFOPLIST_FILE = NeatweekiOS/Info.plist;
				INFOPLIST_KEY_CFBundleDisplayName = Neatweek;
				INFOPLIST_KEY_UIApplicationSceneManifest_Generation = YES;
				INFOPLIST_KEY_UIApplicationSupportsIndirectInputEvents = YES;
				INFOPLIST_KEY_UILaunchScreen_Generation = YES;
				INFOPLIST_KEY_UISupportedInterfaceOrientations = UIInterfaceOrientationPortrait;
				INFOPLIST_KEY_UISupportedInterfaceOrientations_iPad = "UIInterfaceOrientationLandscapeLeft UIInterfaceOrientationLandscapeRight UIInterfaceOrientationPortrait UIInterfaceOrientationPortraitUpsideDown";
				LD_RUNPATH_SEARCH_PATHS = (
					"$(inherited)",
					"@executable_path/Frameworks",
				);
				MARKETING_VERSION = 1.0;
				PRODUCT_BUNDLE_IDENTIFIER = com.aoklabs.NeatweekiOS;
				PRODUCT_NAME = "$(TARGET_NAME)";
				SUPPORTED_PLATFORMS = "iphoneos iphonesimulator";
				SUPPORTS_MACCATALYST = NO;
				SUPPORTS_MAC_DESIGNED_FOR_IPHONE_IPAD = NO;
				SWIFT_EMIT_LOC_STRINGS = YES;
				SWIFT_VERSION = 5.0;
				TARGETED_DEVICE_FAMILY = 1;
			};
			name = Release;
		};
/* End XCBuildConfiguration section */

/* Begin XCConfigurationList section */
		D7B55B6B2958753B00952BF0 /* Build configuration list for PBXProject "NeatweekiOS" */ = {
			isa = XCConfigurationList;
			buildConfigurations = (
				D7B55B7C2958753C00952BF0 /* Debug */,
				D7B55B7D2958753C00952BF0 /* Release */,
			);
			defaultConfigurationIsVisible = 0;
			defaultConfigurationName = Release;
		};
		D7B55B7E2958753C00952BF0 /* Build configuration list for PBXNativeTarget "NeatweekiOS" */ = {
			isa = XCConfigurationList;
			buildConfigurations = (
				D7B55B7F2958753C00952BF0 /* Debug */,
				D7B55B802958753C00952BF0 /* Release */,
			);
			defaultConfigurationIsVisible = 0;
			defaultConfigurationName = Release;
		};
/* End XCConfigurationList section */
	};
	rootObject = D7B55B682958753B00952BF0 /* Project object */;
}
